# THIS IS AN AUTOGENERATED FILE. DO NOT EDIT THIS FILE DIRECTLY.
# yarn lockfile v1


"@types/node@^14.14.28":
  version "14.14.28"
  resolved "https://registry.npm.taobao.org/@types/node/download/@types/node-14.14.28.tgz?cache=0&sync_timestamp=1613331197140&other_urls=https%3A%2F%2Fregistry.npm.taobao.org%2F%40types%2Fnode%2Fdownload%2F%40types%2Fnode-14.14.28.tgz#cade4b64f8438f588951a6b35843ce536853f25b"
  integrity sha1-yt5LZPhDj1iJUaazWEPOU2hT8ls=

typescript@^4.1.5:
  version "4.1.5"
  resolved "https://registry.npm.taobao.org/typescript/download/typescript-4.1.5.tgz?cache=0&sync_timestamp=1613373770938&other_urls=https%3A%2F%2Fregistry.npm.taobao.org%2Ftypescript%2Fdownload%2Ftypescript-4.1.5.tgz#123a3b214aaff3be32926f0d8f1f6e704eb89a72"
  integrity sha1-Ejo7IUqv874ykm8Njx9ucE64mnI=
